
Microsoft Visual Studio Solution File, Format Version 12.00
# Visual Studio Version 17
VisualStudioVersion = 17.9.34616.47
MinimumVisualStudioVersion = 10.0.40219.1
Project("{FAE04EC0-301F-11D3-BF4B-00C04F79EFBC}") = "MSLearn.CSharpEvaluateBooleanExpressions.Challenge2", "MSLearn.CSharpEvaluateBooleanExpressions.Challenge2\MSLearn.CSharpEvaluateBooleanExpressions.Challenge2.csproj", "{DECAD63B-FEDE-4488-8E05-4BEB553B3A5D}"
EndProject
Global
	GlobalSection(SolutionConfigurationPlatforms) = preSolution
		Debug|Any CPU = Debug|Any CPU
		Release|Any CPU = Release|Any CPU
	EndGlobalSection
	GlobalSection(ProjectConfigurationPlatforms) = postSolution
		{DECAD63B-FEDE-4488-8E05-4BEB553B3A5D}.Debug|Any CPU.ActiveCfg = Debug|Any CPU
		{DECAD63B-FEDE-4488-8E05-4BEB553B3A5D}.Debug|Any CPU.Build.0 = Debug|Any CPU
		{DECAD63B-FEDE-4488-8E05-4BEB553B3A5D}.Release|Any CPU.ActiveCfg = Release|Any CPU
		{DECAD63B-FEDE-4488-8E05-4BEB553B3A5D}.Release|Any CPU.Build.0 = Release|Any CPU
	EndGlobalSection
	GlobalSection(SolutionProperties) = preSolution
		HideSolutionNode = FALSE
	EndGlobalSection
	GlobalSection(ExtensibilityGlobals) = postSolution
		SolutionGuid = {362D1DBA-0856-4514-8B6F-840C4B9EC5B3}
	EndGlobalSection
EndGlobal
